{
  "name": "tour",
  "version": "1.0.0",
  "lockfileVersion": 1,
  "requires": true,
  "dependencies": {
    "element-matches": {
      "version": "0.1.2",
      "resolved": "https://registry.npmjs.org/element-matches/-/element-matches-0.1.2.tgz",
      "integrity": "sha512-yWh1otcs3OKUWDvu/IxyI36ZI3WNaRZlI0uG/DK6fu0pap0VYZ0J5pEGTk1zakme+hT0OKHwhlHc0N5TJhY6yQ=="
    },
    "lodash.defer": {
      "version": "4.1.0",
      "resolved": "https://registry.npmjs.org/lodash.defer/-/lodash.defer-4.1.0.tgz",
      "integrity": "sha1-6cFYqWHeGkbqJP2jRoW0zN01jz8="
    },
    "lodash.iselement": {
      "version": "4.1.1",
      "resolved": "https://registry.npmjs.org/lodash.iselement/-/lodash.iselement-4.1.1.tgz",
      "integrity": "sha1-9njU9vOpZPnsfxFfJUbz5KC6gso="
    },
    "lodash.isobjectlike": {
      "version": "4.0.0",
      "resolved": "https://registry.npmjs.org/lodash.isobjectlike/-/lodash.isobjectlike-4.0.0.tgz",
      "integrity": "sha1-dCxfxlrdJ5JNPSQZFoGqmheytg0="
    },
    "lodash.zipobject": {
      "version": "4.1.3",
      "resolved": "https://registry.npmjs.org/lodash.zipobject/-/lodash.zipobject-4.1.3.tgz",
      "integrity": "sha1-s5n1q6j/YqdG9peb8gshT5ZNvvg="
    },
    "popper.js": {
      "version": "1.16.1",
      "resolved": "https://registry.npmjs.org/popper.js/-/popper.js-1.16.1.tgz",
      "integrity": "sha512-Wb4p1J4zyFTbM+u6WuO4XstYx4Ky9Cewe4DWrel7B0w6VVICvPwdOpotjzcf6eD8TsckVnIMNONQyPIUFOUbCQ=="
    },
    "shepherd.js": {
      "version": "2.10.0",
      "resolved": "https://registry.npmjs.org/shepherd.js/-/shepherd.js-2.10.0.tgz",
      "integrity": "sha512-37bVD5/RTmwHA5zhX/WNsU/9U5S3FslBjZCqHI7/upuahieOr3TaOx+Jkc9TJK6HD9r8I8rQOeQSZGQbOs2kwA==",
      "requires": {
        "element-matches": "^0.1.2",
        "lodash.defer": "^4.1.0",
        "lodash.iselement": "^4.1.1",
        "lodash.isobjectlike": "^4.0.0",
        "lodash.zipobject": "^4.1.3",
        "smoothscroll-polyfill": "^0.4.4",
        "tippy.js": "^4.3.4"
      }
    },
    "smoothscroll-polyfill": {
      "version": "0.4.4",
      "resolved": "https://registry.npmjs.org/smoothscroll-polyfill/-/smoothscroll-polyfill-0.4.4.tgz",
      "integrity": "sha512-TK5ZA9U5RqCwMpfoMq/l1mrH0JAR7y7KRvOBx0n2869aLxch+gT9GhN3yUfjiw+d/DiF1mKo14+hd62JyMmoBg=="
    },
    "tippy.js": {
      "version": "4.3.5",
      "resolved": "https://registry.npmjs.org/tippy.js/-/tippy.js-4.3.5.tgz",
      "integrity": "sha512-NDq3efte8nGK6BOJ1dDN1/WelAwfmh3UtIYXXck6+SxLzbIQNZE/cmRSnwScZ/FyiKdIcvFHvYUgqmoGx8CcyA==",
      "requires": {
        "popper.js": "^1.14.7"
      }
    }
  }
}
